// !$*UTF8*$!
{
	archiveVersion = 1;
	classes = {
	};
	objectVersion = 77;
	objects = {

/* Begin PBXBuildFile section */
		989E80A12F02C3BD0044DB24 /* Connect in Frameworks */ = {isa = PBXBuildFile; productRef = 989E80A02F02C3BD0044DB24 /* Connect */; };
		989E80A32F02C3BD0044DB24 /* ConnectNIO in Frameworks */ = {isa = PBXBuildFile; productRef = 989E80A22F02C3BD0044DB24 /* ConnectNIO */; };
		98D85F542F0301C700FC629C /* DiscordLiteAPI in Frameworks */ = {isa = PBXBuildFile; productRef = 98D85F532F0301C700FC629C /* DiscordLiteAPI */; };
		98E5A3852F02BC5C00938202 /* Factory in Frameworks */ = {isa = PBXBuildFile; productRef = 98E5A3842F02BC5C00938202 /* Factory */; };
		98E5A3872F02BC5C00938202 /* FactoryKit in Frameworks */ = {isa = PBXBuildFile; productRef = 98E5A3862F02BC5C00938202 /* FactoryKit */; };
		98E5A38B2F02BCD100938202 /* DiscordLiteAPI in Frameworks */ = {isa = PBXBuildFile; productRef = 98E5A38A2F02BCD100938202 /* DiscordLiteAPI */; };
/* End PBXBuildFile section */

/* Begin PBXContainerItemProxy section */
		989E818A2F02F5BF0044DB24 /* PBXContainerItemProxy */ = {
			isa = PBXContainerItemProxy;
			containerPortal = 982653AF2EFD9059005C885C /* Project object */;
			proxyType = 1;
			remoteGlobalIDString = 982653B62EFD9059005C885C;
			remoteInfo = DiscordLite;
		};
/* End PBXContainerItemProxy section */

/* Begin PBXFileReference section */
		982653B72EFD9059005C885C /* DiscordLite.app */ = {isa = PBXFileReference; explicitFileType = wrapper.application; includeInIndex = 0; path = DiscordLite.app; sourceTree = BUILT_PRODUCTS_DIR; };
		989E81862F02F5BF0044DB24 /* DiscordLiteTests.xctest */ = {isa = PBXFileReference; explicitFileType = wrapper.cfbundle; includeInIndex = 0; path = DiscordLiteTests.xctest; sourceTree = BUILT_PRODUCTS_DIR; };
/* End PBXFileReference section */

/* Begin PBXFileSystemSynchronizedBuildFileExceptionSet section */
		989E80F32F02E1FF0044DB24 /* Exceptions for "DiscordLite" folder in "DiscordLite" target */ = {
			isa = PBXFileSystemSynchronizedBuildFileExceptionSet;
			membershipExceptions = (
				Info.plist,
			);
			target = 982653B62EFD9059005C885C /* DiscordLite */;
		};
		989E81A62F02F66A0044DB24 /* Exceptions for "DiscordLite" folder in "DiscordLiteTests" target */ = {
			isa = PBXFileSystemSynchronizedBuildFileExceptionSet;
			membershipExceptions = (
				Core/Config/AppConfig.swift,
				Lib/GRPCClient/GRPCClient.swift,
				Lib/GRPCClient/GRPCClientImpl.swift,
				Lib/Keychain/KeychainService.swift,
				Lib/Keychain/KeychainServiceImpl.swift,
				Lib/Logger/LoggerService.swift,
				Lib/Logger/LoggerServiceImpl.swift,
				Repo/Auth/AuthRepository.swift,
				Repo/Auth/AuthRepositoryImpl.swift,
				Repo/Auth/Datasource/AuthGRPCDatasource.swift,
				Repo/Auth/Datasource/AuthGRPCDatasourceImpl.swift,
				Repo/Auth/Models/AuthSession.swift,
			);
			target = 989E81852F02F5BF0044DB24 /* DiscordLiteTests */;
		};
/* End PBXFileSystemSynchronizedBuildFileExceptionSet section */

/* Begin PBXFileSystemSynchronizedRootGroup section */
		982653B92EFD9059005C885C /* DiscordLite */ = {
			isa = PBXFileSystemSynchronizedRootGroup;
			exceptions = (
				989E80F32F02E1FF0044DB24 /* Exceptions for "DiscordLite" folder in "DiscordLite" target */,
				989E81A62F02F66A0044DB24 /* Exceptions for "DiscordLite" folder in "DiscordLiteTests" target */,
			);
			path = DiscordLite;
			sourceTree = "<group>";
		};
		989E81872F02F5BF0044DB24 /* DiscordLiteTests */ = {
			isa = PBXFileSystemSynchronizedRootGroup;
			path = DiscordLiteTests;
			sourceTree = "<group>";
		};
/* End PBXFileSystemSynchronizedRootGroup section */

/* Begin PBXFrameworksBuildPhase section */
		982653B42EFD9059005C885C /* Frameworks */ = {
			isa = PBXFrameworksBuildPhase;
			buildActionMask = 2147483647;
			files = (
				98E5A3872F02BC5C00938202 /* FactoryKit in Frameworks */,
				989E80A12F02C3BD0044DB24 /* Connect in Frameworks */,
				98E5A38B2F02BCD100938202 /* DiscordLiteAPI in Frameworks */,
				989E80A32F02C3BD0044DB24 /* ConnectNIO in Frameworks */,
				98E5A3852F02BC5C00938202 /* Factory in Frameworks */,
			);
			runOnlyForDeploymentPostprocessing = 0;
		};
		989E81832F02F5BF0044DB24 /* Frameworks */ = {
			isa = PBXFrameworksBuildPhase;
			buildActionMask = 2147483647;
			files = (
				98D85F542F0301C700FC629C /* DiscordLiteAPI in Frameworks */,
			);
			runOnlyForDeploymentPostprocessing = 0;
		};
/* End PBXFrameworksBuildPhase section */

/* Begin PBXGroup section */
		982653AE2EFD9059005C885C = {
			isa = PBXGroup;
			children = (
				982653B92EFD9059005C885C /* DiscordLite */,
				989E81872F02F5BF0044DB24 /* DiscordLiteTests */,
				987EE5862F02BD760047CBE5 /* Frameworks */,
				982653B82EFD9059005C885C /* Products */,
			);
			sourceTree = "<group>";
		};
		982653B82EFD9059005C885C /* Products */ = {
			isa = PBXGroup;
			children = (
				982653B72EFD9059005C885C /* DiscordLite.app */,
				989E81862F02F5BF0044DB24 /* DiscordLiteTests.xctest */,
			);
			name = Products;
			sourceTree = "<group>";
		};
		987EE5862F02BD760047CBE5 /* Frameworks */ = {
			isa = PBXGroup;
			children = (
			);
			name = Frameworks;
			sourceTree = "<group>";
		};
/* End PBXGroup section */

/* Begin PBXNativeTarget section */
		982653B62EFD9059005C885C /* DiscordLite */ = {
			isa = PBXNativeTarget;
			buildConfigurationList = 982653C22EFD905A005C885C /* Build configuration list for PBXNativeTarget "DiscordLite" */;
			buildPhases = (
				982653B32EFD9059005C885C /* Sources */,
				982653B42EFD9059005C885C /* Frameworks */,
				982653B52EFD9059005C885C /* Resources */,
			);
			buildRules = (
			);
			dependencies = (
			);
			fileSystemSynchronizedGroups = (
				982653B92EFD9059005C885C /* DiscordLite */,
			);
			name = DiscordLite;
			packageProductDependencies = (
				98E5A3842F02BC5C00938202 /* Factory */,
				98E5A3862F02BC5C00938202 /* FactoryKit */,
				98E5A38A2F02BCD100938202 /* DiscordLiteAPI */,
				989E80A02F02C3BD0044DB24 /* Connect */,
				989E80A22F02C3BD0044DB24 /* ConnectNIO */,
			);
			productName = DiscordLite;
			productReference = 982653B72EFD9059005C885C /* DiscordLite.app */;
			productType = "com.apple.product-type.application";
		};
		989E81852F02F5BF0044DB24 /* DiscordLiteTests */ = {
			isa = PBXNativeTarget;
			buildConfigurationList = 989E818E2F02F5BF0044DB24 /* Build configuration list for PBXNativeTarget "DiscordLiteTests" */;
			buildPhases = (
				989E81822F02F5BF0044DB24 /* Sources */,
				989E81832F02F5BF0044DB24 /* Frameworks */,
				989E81842F02F5BF0044DB24 /* Resources */,
			);
			buildRules = (
			);
			dependencies = (
				989E818B2F02F5BF0044DB24 /* PBXTargetDependency */,
			);
			fileSystemSynchronizedGroups = (
				989E81872F02F5BF0044DB24 /* DiscordLiteTests */,
			);
			name = DiscordLiteTests;
			packageProductDependencies = (
				98D85F532F0301C700FC629C /* DiscordLiteAPI */,
			);
			productName = DiscordLiteTests;
			productReference = 989E81862F02F5BF0044DB24 /* DiscordLiteTests.xctest */;
			productType = "com.apple.product-type.bundle.unit-test";
		};
/* End PBXNativeTarget section */

/* Begin PBXProject section */
		982653AF2EFD9059005C885C /* Project object */ = {
			isa = PBXProject;
			attributes = {
				BuildIndependentTargetsInParallel = 1;
				LastSwiftUpdateCheck = 2620;
				LastUpgradeCheck = 2620;
				TargetAttributes = {
					982653B62EFD9059005C885C = {
						CreatedOnToolsVersion = 26.2;
					};
					989E81852F02F5BF0044DB24 = {
						CreatedOnToolsVersion = 26.2;
						TestTargetID = 982653B62EFD9059005C885C;
					};
				};
			};
			buildConfigurationList = 982653B22EFD9059005C885C /* Build configuration list for PBXProject "DiscordLite" */;
			developmentRegion = en;
			hasScannedForEncodings = 0;
			knownRegions = (
				en,
				Base,
			);
			mainGroup = 982653AE2EFD9059005C885C;
			minimizedProjectReferenceProxies = 1;
			packageReferences = (
				98E5A3832F02BC5C00938202 /* XCRemoteSwiftPackageReference "Factory" */,
				98E5A3892F02BCD100938202 /* XCRemoteSwiftPackageReference "DiscordLiteServer" */,
				989E809F2F02C3BD0044DB24 /* XCRemoteSwiftPackageReference "connect-swift" */,
			);
			preferredProjectObjectVersion = 77;
			productRefGroup = 982653B82EFD9059005C885C /* Products */;
			projectDirPath = "";
			projectRoot = "";
			targets = (
				982653B62EFD9059005C885C /* DiscordLite */,
				989E81852F02F5BF0044DB24 /* DiscordLiteTests */,
			);
		};
/* End PBXProject section */

/* Begin PBXResourcesBuildPhase section */
		982653B52EFD9059005C885C /* Resources */ = {
			isa = PBXResourcesBuildPhase;
			buildActionMask = 2147483647;
			files = (
			);
			runOnlyForDeploymentPostprocessing = 0;
		};
		989E81842F02F5BF0044DB24 /* Resources */ = {
			isa = PBXResourcesBuildPhase;
			buildActionMask = 2147483647;
			files = (
			);
			runOnlyForDeploymentPostprocessing = 0;
		};
/* End PBXResourcesBuildPhase section */

/* Begin PBXSourcesBuildPhase section */
		982653B32EFD9059005C885C /* Sources */ = {
			isa = PBXSourcesBuildPhase;
			buildActionMask = 2147483647;
			files = (
			);
			runOnlyForDeploymentPostprocessing = 0;
		};
		989E81822F02F5BF0044DB24 /* Sources */ = {
			isa = PBXSourcesBuildPhase;
			buildActionMask = 2147483647;
			files = (
			);
			runOnlyForDeploymentPostprocessing = 0;
		};
/* End PBXSourcesBuildPhase section */

/* Begin PBXTargetDependency section */
		989E818B2F02F5BF0044DB24 /* PBXTargetDependency */ = {
			isa = PBXTargetDependency;
			target = 982653B62EFD9059005C885C /* DiscordLite */;
			targetProxy = 989E818A2F02F5BF0044DB24 /* PBXContainerItemProxy */;
		};
/* End PBXTargetDependency section */

/* Begin XCBuildConfiguration section */
		982653C02EFD905A005C885C /* Debug */ = {
			isa = XCBuildConfiguration;
			buildSettings = {
				ALWAYS_SEARCH_USER_PATHS = NO;
				ASSETCATALOG_COMPILER_GENERATE_SWIFT_ASSET_SYMBOL_EXTENSIONS = YES;
				CLANG_ANALYZER_NONNULL = YES;
				CLANG_ANALYZER_NUMBER_OBJECT_CONVERSION = YES_AGGRESSIVE;
				CLANG_CXX_LANGUAGE_STANDARD = "gnu++20";
				CLANG_ENABLE_MODULES = YES;
				CLANG_ENABLE_OBJC_ARC = YES;
				CLANG_ENABLE_OBJC_WEAK = YES;
				CLANG_WARN_BLOCK_CAPTURE_AUTORELEASING = YES;
				CLANG_WARN_BOOL_CONVERSION = YES;
				CLANG_WARN_COMMA = YES;
				CLANG_WARN_CONSTANT_CONVERSION = YES;
				CLANG_WARN_DEPRECATED_OBJC_IMPLEMENTATIONS = YES;
				CLANG_WARN_DIRECT_OBJC_ISA_USAGE = YES_ERROR;
				CLANG_WARN_DOCUMENTATION_COMMENTS = YES;
				CLANG_WARN_EMPTY_BODY = YES;
				CLANG_WARN_ENUM_CONVERSION = YES;
				CLANG_WARN_INFINITE_RECURSION = YES;
				CLANG_WARN_INT_CONVERSION = YES;
				CLANG_WARN_NON_LITERAL_NULL_CONVERSION = YES;
				CLANG_WARN_OBJC_IMPLICIT_RETAIN_SELF = YES;
				CLANG_WARN_OBJC_LITERAL_CONVERSION = YES;
				CLANG_WARN_OBJC_ROOT_CLASS = YES_ERROR;
				CLANG_WARN_QUOTED_INCLUDE_IN_FRAMEWORK_HEADER = YES;
				CLANG_WARN_RANGE_LOOP_ANALYSIS = YES;
				CLANG_WARN_STRICT_PROTOTYPES = YES;
				CLANG_WARN_SUSPICIOUS_MOVE = YES;
				CLANG_WARN_UNGUARDED_AVAILABILITY = YES_AGGRESSIVE;
				CLANG_WARN_UNREACHABLE_CODE = YES;
				CLANG_WARN__DUPLICATE_METHOD_MATCH = YES;
				COPY_PHASE_STRIP = NO;
				DEBUG_INFORMATION_FORMAT = dwarf;
				DEVELOPMENT_TEAM = 2Y9TDP52WY;
				ENABLE_STRICT_OBJC_MSGSEND = YES;
				ENABLE_TESTABILITY = YES;
				ENABLE_USER_SCRIPT_SANDBOXING = YES;
				GCC_C_LANGUAGE_STANDARD = gnu17;
				GCC_DYNAMIC_NO_PIC = NO;
				GCC_NO_COMMON_BLOCKS = YES;
				GCC_OPTIMIZATION_LEVEL = 0;
				GCC_PREPROCESSOR_DEFINITIONS = (
					"DEBUG=1",
					"$(inherited)",
				);
				GCC_WARN_64_TO_32_BIT_CONVERSION = YES;
				GCC_WARN_ABOUT_RETURN_TYPE = YES_ERROR;
				GCC_WARN_UNDECLARED_SELECTOR = YES;
				GCC_WARN_UNINITIALIZED_AUTOS = YES_AGGRESSIVE;
				GCC_WARN_UNUSED_FUNCTION = YES;
				GCC_WARN_UNUSED_VARIABLE = YES;
				LOCALIZATION_PREFERS_STRING_CATALOGS = YES;
				MACOSX_DEPLOYMENT_TARGET = 26.1;
				MTL_ENABLE_DEBUG_INFO = INCLUDE_SOURCE;
				MTL_FAST_MATH = YES;
				ONLY_ACTIVE_ARCH = YES;
				SDKROOT = macosx;
				SWIFT_ACTIVE_COMPILATION_CONDITIONS = "DEBUG $(inherited)";
				SWIFT_ENABLE_EXPLICIT_MODULES = NO;
				SWIFT_OPTIMIZATION_LEVEL = "-Onone";
			};
			name = Debug;
		};
		982653C12EFD905A005C885C /* Release */ = {
			isa = XCBuildConfiguration;
			buildSettings = {
				ALWAYS_SEARCH_USER_PATHS = NO;
				ASSETCATALOG_COMPILER_GENERATE_SWIFT_ASSET_SYMBOL_EXTENSIONS = YES;
				CLANG_ANALYZER_NONNULL = YES;
				CLANG_ANALYZER_NUMBER_OBJECT_CONVERSION = YES_AGGRESSIVE;
				CLANG_CXX_LANGUAGE_STANDARD = "gnu++20";
				CLANG_ENABLE_MODULES = YES;
				CLANG_ENABLE_OBJC_ARC = YES;
				CLANG_ENABLE_OBJC_WEAK = YES;
				CLANG_WARN_BLOCK_CAPTURE_AUTORELEASING = YES;
				CLANG_WARN_BOOL_CONVERSION = YES;
				CLANG_WARN_COMMA = YES;
				CLANG_WARN_CONSTANT_CONVERSION = YES;
				CLANG_WARN_DEPRECATED_OBJC_IMPLEMENTATIONS = YES;
				CLANG_WARN_DIRECT_OBJC_ISA_USAGE = YES_ERROR;
				CLANG_WARN_DOCUMENTATION_COMMENTS = YES;
				CLANG_WARN_EMPTY_BODY = YES;
				CLANG_WARN_ENUM_CONVERSION = YES;
				CLANG_WARN_INFINITE_RECURSION = YES;
				CLANG_WARN_INT_CONVERSION = YES;
				CLANG_WARN_NON_LITERAL_NULL_CONVERSION = YES;
				CLANG_WARN_OBJC_IMPLICIT_RETAIN_SELF = YES;
				CLANG_WARN_OBJC_LITERAL_CONVERSION = YES;
				CLANG_WARN_OBJC_ROOT_CLASS = YES_ERROR;
				CLANG_WARN_QUOTED_INCLUDE_IN_FRAMEWORK_HEADER = YES;
				CLANG_WARN_RANGE_LOOP_ANALYSIS = YES;
				CLANG_WARN_STRICT_PROTOTYPES = YES;
				CLANG_WARN_SUSPICIOUS_MOVE = YES;
				CLANG_WARN_UNGUARDED_AVAILABILITY = YES_AGGRESSIVE;
				CLANG_WARN_UNREACHABLE_CODE = YES;
				CLANG_WARN__DUPLICATE_METHOD_MATCH = YES;
				COPY_PHASE_STRIP = NO;
				DEBUG_INFORMATION_FORMAT = "dwarf-with-dsym";
				DEVELOPMENT_TEAM = 2Y9TDP52WY;
				ENABLE_NS_ASSERTIONS = NO;
				ENABLE_STRICT_OBJC_MSGSEND = YES;
				ENABLE_USER_SCRIPT_SANDBOXING = YES;
				GCC_C_LANGUAGE_STANDARD = gnu17;
				GCC_NO_COMMON_BLOCKS = YES;
				GCC_WARN_64_TO_32_BIT_CONVERSION = YES;
				GCC_WARN_ABOUT_RETURN_TYPE = YES_ERROR;
				GCC_WARN_UNDECLARED_SELECTOR = YES;
				GCC_WARN_UNINITIALIZED_AUTOS = YES_AGGRESSIVE;
				GCC_WARN_UNUSED_FUNCTION = YES;
				GCC_WARN_UNUSED_VARIABLE = YES;
				LOCALIZATION_PREFERS_STRING_CATALOGS = YES;
				MACOSX_DEPLOYMENT_TARGET = 26.1;
				MTL_ENABLE_DEBUG_INFO = NO;
				MTL_FAST_MATH = YES;
				SDKROOT = macosx;
				SWIFT_COMPILATION_MODE = wholemodule;
				SWIFT_ENABLE_EXPLICIT_MODULES = NO;
			};
			name = Release;
		};
		982653C32EFD905A005C885C /* Debug */ = {
			isa = XCBuildConfiguration;
			buildSettings = {
				ASSETCATALOG_COMPILER_APPICON_NAME = AppIcon;
				ASSETCATALOG_COMPILER_GLOBAL_ACCENT_COLOR_NAME = AccentColor;
				CODE_SIGN_STYLE = Automatic;
				COMBINE_HIDPI_IMAGES = YES;
				CURRENT_PROJECT_VERSION = 1;
				DEVELOPMENT_TEAM = 2Y9TDP52WY;
				ENABLE_APP_SANDBOX = YES;
				ENABLE_HARDENED_RUNTIME = YES;
				ENABLE_INCOMING_NETWORK_CONNECTIONS = YES;
				ENABLE_OUTGOING_NETWORK_CONNECTIONS = YES;
				ENABLE_PREVIEWS = YES;
				ENABLE_RESOURCE_ACCESS_AUDIO_INPUT = NO;
				ENABLE_RESOURCE_ACCESS_BLUETOOTH = NO;
				ENABLE_RESOURCE_ACCESS_CALENDARS = NO;
				ENABLE_RESOURCE_ACCESS_CAMERA = NO;
				ENABLE_RESOURCE_ACCESS_CONTACTS = NO;
				ENABLE_RESOURCE_ACCESS_LOCATION = NO;
				ENABLE_RESOURCE_ACCESS_PRINTING = NO;
				ENABLE_RESOURCE_ACCESS_USB = NO;
				ENABLE_USER_SELECTED_FILES = readonly;
				GENERATE_INFOPLIST_FILE = YES;
				INFOPLIST_FILE = DiscordLite/Info.plist;
				INFOPLIST_KEY_NSHumanReadableCopyright = "";
				LD_RUNPATH_SEARCH_PATHS = (
					"$(inherited)",
					"@executable_path/../Frameworks",
				);
				MARKETING_VERSION = 1.0;
				PRODUCT_BUNDLE_IDENTIFIER = com.nasirimehr.DiscordLite;
				PRODUCT_NAME = "$(TARGET_NAME)";
				REGISTER_APP_GROUPS = YES;
				STRING_CATALOG_GENERATE_SYMBOLS = YES;
				SWIFT_APPROACHABLE_CONCURRENCY = YES;
				SWIFT_DEFAULT_ACTOR_ISOLATION = MainActor;
				SWIFT_EMIT_LOC_STRINGS = YES;
				SWIFT_UPCOMING_FEATURE_MEMBER_IMPORT_VISIBILITY = YES;
				SWIFT_VERSION = 5.0;
			};
			name = Debug;
		};
		982653C42EFD905A005C885C /* Release */ = {
			isa = XCBuildConfiguration;
			buildSettings = {
				ASSETCATALOG_COMPILER_APPICON_NAME = AppIcon;
				ASSETCATALOG_COMPILER_GLOBAL_ACCENT_COLOR_NAME = AccentColor;
				CODE_SIGN_STYLE = Automatic;
				COMBINE_HIDPI_IMAGES = YES;
				CURRENT_PROJECT_VERSION = 1;
				DEVELOPMENT_TEAM = 2Y9TDP52WY;
				ENABLE_APP_SANDBOX = YES;
				ENABLE_HARDENED_RUNTIME = YES;
				ENABLE_INCOMING_NETWORK_CONNECTIONS = YES;
				ENABLE_OUTGOING_NETWORK_CONNECTIONS = YES;
				ENABLE_PREVIEWS = YES;
				ENABLE_RESOURCE_ACCESS_AUDIO_INPUT = NO;
				ENABLE_RESOURCE_ACCESS_BLUETOOTH = NO;
				ENABLE_RESOURCE_ACCESS_CALENDARS = NO;
				ENABLE_RESOURCE_ACCESS_CAMERA = NO;
				ENABLE_RESOURCE_ACCESS_CONTACTS = NO;
				ENABLE_RESOURCE_ACCESS_LOCATION = NO;
				ENABLE_RESOURCE_ACCESS_PRINTING = NO;
				ENABLE_RESOURCE_ACCESS_USB = NO;
				ENABLE_USER_SELECTED_FILES = readonly;
				GENERATE_INFOPLIST_FILE = YES;
				INFOPLIST_FILE = DiscordLite/Info.plist;
				INFOPLIST_KEY_NSHumanReadableCopyright = "";
				LD_RUNPATH_SEARCH_PATHS = (
					"$(inherited)",
					"@executable_path/../Frameworks",
				);
				MARKETING_VERSION = 1.0;
				PRODUCT_BUNDLE_IDENTIFIER = com.nasirimehr.DiscordLite;
				PRODUCT_NAME = "$(TARGET_NAME)";
				REGISTER_APP_GROUPS = YES;
				STRING_CATALOG_GENERATE_SYMBOLS = YES;
				SWIFT_APPROACHABLE_CONCURRENCY = YES;
				SWIFT_DEFAULT_ACTOR_ISOLATION = MainActor;
				SWIFT_EMIT_LOC_STRINGS = YES;
				SWIFT_UPCOMING_FEATURE_MEMBER_IMPORT_VISIBILITY = YES;
				SWIFT_VERSION = 5.0;
			};
			name = Release;
		};
		989E818C2F02F5BF0044DB24 /* Debug */ = {
			isa = XCBuildConfiguration;
			buildSettings = {
				BUNDLE_LOADER = "$(TEST_HOST)";
				CODE_SIGN_STYLE = Automatic;
				CURRENT_PROJECT_VERSION = 1;
				DEVELOPMENT_TEAM = 2Y9TDP52WY;
				GENERATE_INFOPLIST_FILE = YES;
				MARKETING_VERSION = 1.0;
				PRODUCT_BUNDLE_IDENTIFIER = com.nasirimehr.DiscordLiteTests;
				PRODUCT_NAME = "$(TARGET_NAME)";
				STRING_CATALOG_GENERATE_SYMBOLS = NO;
				SWIFT_APPROACHABLE_CONCURRENCY = YES;
				SWIFT_EMIT_LOC_STRINGS = NO;
				SWIFT_UPCOMING_FEATURE_MEMBER_IMPORT_VISIBILITY = YES;
				SWIFT_VERSION = 5.0;
				TEST_HOST = "$(BUILT_PRODUCTS_DIR)/DiscordLite.app/$(BUNDLE_EXECUTABLE_FOLDER_PATH)/DiscordLite";
			};
			name = Debug;
		};
		989E818D2F02F5BF0044DB24 /* Release */ = {
			isa = XCBuildConfiguration;
			buildSettings = {
				BUNDLE_LOADER = "$(TEST_HOST)";
				CODE_SIGN_STYLE = Automatic;
				CURRENT_PROJECT_VERSION = 1;
				DEVELOPMENT_TEAM = 2Y9TDP52WY;
				GENERATE_INFOPLIST_FILE = YES;
				MARKETING_VERSION = 1.0;
				PRODUCT_BUNDLE_IDENTIFIER = com.nasirimehr.DiscordLiteTests;
				PRODUCT_NAME = "$(TARGET_NAME)";
				STRING_CATALOG_GENERATE_SYMBOLS = NO;
				SWIFT_APPROACHABLE_CONCURRENCY = YES;
				SWIFT_EMIT_LOC_STRINGS = NO;
				SWIFT_UPCOMING_FEATURE_MEMBER_IMPORT_VISIBILITY = YES;
				SWIFT_VERSION = 5.0;
				TEST_HOST = "$(BUILT_PRODUCTS_DIR)/DiscordLite.app/$(BUNDLE_EXECUTABLE_FOLDER_PATH)/DiscordLite";
			};
			name = Release;
		};
/* End XCBuildConfiguration section */

/* Begin XCConfigurationList section */
		982653B22EFD9059005C885C /* Build configuration list for PBXProject "DiscordLite" */ = {
			isa = XCConfigurationList;
			buildConfigurations = (
				982653C02EFD905A005C885C /* Debug */,
				982653C12EFD905A005C885C /* Release */,
			);
			defaultConfigurationIsVisible = 0;
			defaultConfigurationName = Release;
		};
		982653C22EFD905A005C885C /* Build configuration list for PBXNativeTarget "DiscordLite" */ = {
			isa = XCConfigurationList;
			buildConfigurations = (
				982653C32EFD905A005C885C /* Debug */,
				982653C42EFD905A005C885C /* Release */,
			);
			defaultConfigurationIsVisible = 0;
			defaultConfigurationName = Release;
		};
		989E818E2F02F5BF0044DB24 /* Build configuration list for PBXNativeTarget "DiscordLiteTests" */ = {
			isa = XCConfigurationList;
			buildConfigurations = (
				989E818C2F02F5BF0044DB24 /* Debug */,
				989E818D2F02F5BF0044DB24 /* Release */,
			);
			defaultConfigurationIsVisible = 0;
			defaultConfigurationName = Release;
		};
/* End XCConfigurationList section */

/* Begin XCRemoteSwiftPackageReference section */
		989E809F2F02C3BD0044DB24 /* XCRemoteSwiftPackageReference "connect-swift" */ = {
			isa = XCRemoteSwiftPackageReference;
			repositoryURL = "https://github.com/connectrpc/connect-swift";
			requirement = {
				kind = upToNextMajorVersion;
				minimumVersion = 1.2.0;
			};
		};
		98E5A3832F02BC5C00938202 /* XCRemoteSwiftPackageReference "Factory" */ = {
			isa = XCRemoteSwiftPackageReference;
			repositoryURL = "https://github.com/hmlongco/Factory";
			requirement = {
				kind = upToNextMajorVersion;
				minimumVersion = 2.5.3;
			};
		};
		98E5A3892F02BCD100938202 /* XCRemoteSwiftPackageReference "DiscordLiteServer" */ = {
			isa = XCRemoteSwiftPackageReference;
			repositoryURL = "https://github.com/TheRogue76/DiscordLiteServer";
			requirement = {
				kind = upToNextMajorVersion;
				minimumVersion = 0.1.0;
			};
		};
/* End XCRemoteSwiftPackageReference section */

/* Begin XCSwiftPackageProductDependency section */
		989E80A02F02C3BD0044DB24 /* Connect */ = {
			isa = XCSwiftPackageProductDependency;
			package = 989E809F2F02C3BD0044DB24 /* XCRemoteSwiftPackageReference "connect-swift" */;
			productName = Connect;
		};
		989E80A22F02C3BD0044DB24 /* ConnectNIO */ = {
			isa = XCSwiftPackageProductDependency;
			package = 989E809F2F02C3BD0044DB24 /* XCRemoteSwiftPackageReference "connect-swift" */;
			productName = ConnectNIO;
		};
		98D85F532F0301C700FC629C /* DiscordLiteAPI */ = {
			isa = XCSwiftPackageProductDependency;
			package = 98E5A3892F02BCD100938202 /* XCRemoteSwiftPackageReference "DiscordLiteServer" */;
			productName = DiscordLiteAPI;
		};
		98E5A3842F02BC5C00938202 /* Factory */ = {
			isa = XCSwiftPackageProductDependency;
			package = 98E5A3832F02BC5C00938202 /* XCRemoteSwiftPackageReference "Factory" */;
			productName = Factory;
		};
		98E5A3862F02BC5C00938202 /* FactoryKit */ = {
			isa = XCSwiftPackageProductDependency;
			package = 98E5A3832F02BC5C00938202 /* XCRemoteSwiftPackageReference "Factory" */;
			productName = FactoryKit;
		};
		98E5A38A2F02BCD100938202 /* DiscordLiteAPI */ = {
			isa = XCSwiftPackageProductDependency;
			package = 98E5A3892F02BCD100938202 /* XCRemoteSwiftPackageReference "DiscordLiteServer" */;
			productName = DiscordLiteAPI;
		};
/* End XCSwiftPackageProductDependency section */
	};
	rootObject = 982653AF2EFD9059005C885C /* Project object */;
}
